
Microsoft Visual Studio Solution File, Format Version 12.00
# Visual Studio 15
VisualStudioVersion = 15.0.27428.2037
MinimumVisualStudioVersion = 10.0.40219.1
Project("{9092AA53-FB77-4645-B42D-1CCCA6BD08BD}") = "omIo.T", "omIo.T\omIo.T.njsproj", "{23062BFC-4831-464E-85AF-73B576FD6191}"
EndProject
Global
	GlobalSection(SolutionConfigurationPlatforms) = preSolution
		Debug|Any CPU = Debug|Any CPU
		Release|Any CPU = Release|Any CPU
	EndGlobalSection
	GlobalSection(ProjectConfigurationPlatforms) = postSolution
		{23062BFC-4831-464E-85AF-73B576FD6191}.Debug|Any CPU.ActiveCfg = Debug|Any CPU
		{23062BFC-4831-464E-85AF-73B576FD6191}.Debug|Any CPU.Build.0 = Debug|Any CPU
		{23062BFC-4831-464E-85AF-73B576FD6191}.Release|Any CPU.ActiveCfg = Release|Any CPU
		{23062BFC-4831-464E-85AF-73B576FD6191}.Release|Any CPU.Build.0 = Release|Any CPU
	EndGlobalSection
	GlobalSection(SolutionProperties) = preSolution
		HideSolutionNode = FALSE
	EndGlobalSection
	GlobalSection(ExtensibilityGlobals) = postSolution
		SolutionGuid = {D6968507-4025-42BE-A196-59BF1665DF64}
	EndGlobalSection
EndGlobal
